
Microsoft Visual Studio Solution File, Format Version 12.00
# Visual Studio 15
VisualStudioVersion = 15.0.27703.2026
MinimumVisualStudioVersion = 10.0.40219.1
Project("{FAE04EC0-301F-11D3-BF4B-00C04F79EFBC}") = "PuntoDeVenta", "PuntoDeVenta\PuntoDeVenta.csproj", "{0625FDD0-F8E5-4CFF-9E87-9F41EF6002BA}"
EndProject
Global
	GlobalSection(SolutionConfigurationPlatforms) = preSolution
		Debug|Any CPU = Debug|Any CPU
		Release|Any CPU = Release|Any CPU
	EndGlobalSection
	GlobalSection(ProjectConfigurationPlatforms) = postSolution
		{0625FDD0-F8E5-4CFF-9E87-9F41EF6002BA}.Debug|Any CPU.ActiveCfg = Debug|Any CPU
		{0625FDD0-F8E5-4CFF-9E87-9F41EF6002BA}.Debug|Any CPU.Build.0 = Debug|Any CPU
		{0625FDD0-F8E5-4CFF-9E87-9F41EF6002BA}.Release|Any CPU.ActiveCfg = Release|Any CPU
		{0625FDD0-F8E5-4CFF-9E87-9F41EF6002BA}.Release|Any CPU.Build.0 = Release|Any CPU
	EndGlobalSection
	GlobalSection(SolutionProperties) = preSolution
		HideSolutionNode = FALSE
	EndGlobalSection
	GlobalSection(ExtensibilityGlobals) = postSolution
		SolutionGuid = {ECEAB0C6-F63A-48E5-91E3-1FC6FBAC1ACD}
	EndGlobalSection
EndGlobal
